
Microsoft Visual Studio Solution File, Format Version 12.00
# Visual Studio 14
VisualStudioVersion = 14.0.25123.0
MinimumVisualStudioVersion = 10.0.40219.1
Project("{FAE04EC0-301F-11D3-BF4B-00C04F79EFBC}") = "FunWithExceptions", "FunWithExceptions\FunWithExceptions.csproj", "{EF082C23-363D-4D98-B1E3-96CB874B6F59}"
EndProject
Global
	GlobalSection(SolutionConfigurationPlatforms) = preSolution
		Debug|Any CPU = Debug|Any CPU
		Release|Any CPU = Release|Any CPU
	EndGlobalSection
	GlobalSection(ProjectConfigurationPlatforms) = postSolution
		{EF082C23-363D-4D98-B1E3-96CB874B6F59}.Debug|Any CPU.ActiveCfg = Debug|Any CPU
		{EF082C23-363D-4D98-B1E3-96CB874B6F59}.Debug|Any CPU.Build.0 = Debug|Any CPU
		{EF082C23-363D-4D98-B1E3-96CB874B6F59}.Release|Any CPU.ActiveCfg = Release|Any CPU
		{EF082C23-363D-4D98-B1E3-96CB874B6F59}.Release|Any CPU.Build.0 = Release|Any CPU
	EndGlobalSection
	GlobalSection(SolutionProperties) = preSolution
		HideSolutionNode = FALSE
	EndGlobalSection
EndGlobal
