
Microsoft Visual Studio Solution File, Format Version 12.00
# Visual Studio 14
VisualStudioVersion = 14.0.25123.0
MinimumVisualStudioVersion = 10.0.40219.1
Project("{FAE04EC0-301F-11D3-BF4B-00C04F79EFBC}") = "ModelBinding101", "ModelBinding101\ModelBinding101.csproj", "{EF404A57-F912-4DE2-8834-98E2E195258C}"
EndProject
Global
	GlobalSection(SolutionConfigurationPlatforms) = preSolution
		Debug|Any CPU = Debug|Any CPU
		Release|Any CPU = Release|Any CPU
	EndGlobalSection
	GlobalSection(ProjectConfigurationPlatforms) = postSolution
		{EF404A57-F912-4DE2-8834-98E2E195258C}.Debug|Any CPU.ActiveCfg = Debug|Any CPU
		{EF404A57-F912-4DE2-8834-98E2E195258C}.Debug|Any CPU.Build.0 = Debug|Any CPU
		{EF404A57-F912-4DE2-8834-98E2E195258C}.Release|Any CPU.ActiveCfg = Release|Any CPU
		{EF404A57-F912-4DE2-8834-98E2E195258C}.Release|Any CPU.Build.0 = Release|Any CPU
	EndGlobalSection
	GlobalSection(SolutionProperties) = preSolution
		HideSolutionNode = FALSE
	EndGlobalSection
EndGlobal
